
Microsoft Visual Studio Solution File, Format Version 12.00
# Visual Studio Version 16
VisualStudioVersion = 16.0.31729.503
MinimumVisualStudioVersion = 10.0.40219.1
Project("{FAE04EC0-301F-11D3-BF4B-00C04F79EFBC}") = "LevelPresentation", "LevelPresentation\LevelPresentation.csproj", "{AD7E1323-2631-4CE1-B27E-0060C92A67CC}"
EndProject
Project("{FAE04EC0-301F-11D3-BF4B-00C04F79EFBC}") = "LevelEntities", "LevelEntities\LevelEntities.csproj", "{53F15817-05CE-47F3-89E3-95FAE8889C49}"
EndProject
Project("{FAE04EC0-301F-11D3-BF4B-00C04F79EFBC}") = "LevelBusiness", "LevelBusiness\LevelBusiness.csproj", "{267FDD69-9A32-4D9C-BD61-D8760BB2D012}"
EndProject
Project("{FAE04EC0-301F-11D3-BF4B-00C04F79EFBC}") = "LevelDatabase", "LevelDatabase\LevelDatabase.csproj", "{B48511C2-4CC2-4763-9DE2-E9B59ED0B14B}"
EndProject
Global
	GlobalSection(SolutionConfigurationPlatforms) = preSolution
		Debug|Any CPU = Debug|Any CPU
		Release|Any CPU = Release|Any CPU
	EndGlobalSection
	GlobalSection(ProjectConfigurationPlatforms) = postSolution
		{AD7E1323-2631-4CE1-B27E-0060C92A67CC}.Debug|Any CPU.ActiveCfg = Debug|Any CPU
		{AD7E1323-2631-4CE1-B27E-0060C92A67CC}.Debug|Any CPU.Build.0 = Debug|Any CPU
		{AD7E1323-2631-4CE1-B27E-0060C92A67CC}.Release|Any CPU.ActiveCfg = Release|Any CPU
		{AD7E1323-2631-4CE1-B27E-0060C92A67CC}.Release|Any CPU.Build.0 = Release|Any CPU
		{53F15817-05CE-47F3-89E3-95FAE8889C49}.Debug|Any CPU.ActiveCfg = Debug|Any CPU
		{53F15817-05CE-47F3-89E3-95FAE8889C49}.Debug|Any CPU.Build.0 = Debug|Any CPU
		{53F15817-05CE-47F3-89E3-95FAE8889C49}.Release|Any CPU.ActiveCfg = Release|Any CPU
		{53F15817-05CE-47F3-89E3-95FAE8889C49}.Release|Any CPU.Build.0 = Release|Any CPU
		{267FDD69-9A32-4D9C-BD61-D8760BB2D012}.Debug|Any CPU.ActiveCfg = Debug|Any CPU
		{267FDD69-9A32-4D9C-BD61-D8760BB2D012}.Debug|Any CPU.Build.0 = Debug|Any CPU
		{267FDD69-9A32-4D9C-BD61-D8760BB2D012}.Release|Any CPU.ActiveCfg = Release|Any CPU
		{267FDD69-9A32-4D9C-BD61-D8760BB2D012}.Release|Any CPU.Build.0 = Release|Any CPU
		{B48511C2-4CC2-4763-9DE2-E9B59ED0B14B}.Debug|Any CPU.ActiveCfg = Debug|Any CPU
		{B48511C2-4CC2-4763-9DE2-E9B59ED0B14B}.Debug|Any CPU.Build.0 = Debug|Any CPU
		{B48511C2-4CC2-4763-9DE2-E9B59ED0B14B}.Release|Any CPU.ActiveCfg = Release|Any CPU
		{B48511C2-4CC2-4763-9DE2-E9B59ED0B14B}.Release|Any CPU.Build.0 = Release|Any CPU
	EndGlobalSection
	GlobalSection(SolutionProperties) = preSolution
		HideSolutionNode = FALSE
	EndGlobalSection
	GlobalSection(ExtensibilityGlobals) = postSolution
		SolutionGuid = {8ACFFC47-E045-4E91-B650-2B2C74C4AD8F}
	EndGlobalSection
EndGlobal
